
Microsoft Visual Studio Solution File, Format Version 12.00
# Visual Studio Version 17
VisualStudioVersion = 17.2.32616.157
MinimumVisualStudioVersion = 10.0.40219.1
Project("{9A19103F-16F7-4668-BE54-9A1E7A4F7556}") = "EntityFrameworkWork", "EntityFramework\EntityFrameworkWork.csproj", "{EB9410E7-1A14-4772-9EA4-2608974194EE}"
EndProject
Project("{9A19103F-16F7-4668-BE54-9A1E7A4F7556}") = "EFCore", "EFCore\EFCore.csproj", "{01EA98F3-F780-46DB-A5E2-281994305E17}"
EndProject
Project("{9A19103F-16F7-4668-BE54-9A1E7A4F7556}") = "DBFirstApp", "DBFirstApp\DBFirstApp.csproj", "{6F9914FC-45E2-4103-9212-29C45F6B7485}"
EndProject
Project("{9A19103F-16F7-4668-BE54-9A1E7A4F7556}") = "DatabaseManagement", "DatabaseManagement\DatabaseManagement.csproj", "{8AAC16F5-77DE-4907-B2A9-4726A078C95F}"
EndProject
Project("{9A19103F-16F7-4668-BE54-9A1E7A4F7556}") = "CRUD", "CRUD\CRUD.csproj", "{8BB8BE91-A625-4279-AB15-E664380BE6AD}"
EndProject
Project("{9A19103F-16F7-4668-BE54-9A1E7A4F7556}") = "ConnectionСonfiguration", "ConnectionСonfiguration\ConnectionСonfiguration.csproj", "{8D6BC577-2313-47F3-8BAB-FE23B41AD1AA}"
EndProject
Project("{9A19103F-16F7-4668-BE54-9A1E7A4F7556}") = "LoggingOperations", "LoggingOperations\LoggingOperations.csproj", "{6D13DE58-5E58-426A-8E88-980F019C8B78}"
EndProject
Project("{9A19103F-16F7-4668-BE54-9A1E7A4F7556}") = "DatabaseSchemaManagementAndMigration", "DatabaseSchemaManagementAndMigration\DatabaseSchemaManagementAndMigration.csproj", "{24C6915E-E265-4424-82B7-01B38FEBE978}"
EndProject
Project("{9A19103F-16F7-4668-BE54-9A1E7A4F7556}") = "CreatingModels", "CreatingModels\CreatingModels.csproj", "{DED320CB-CF49-4E51-A64A-8DF6B8EE86E1}"
EndProject
Project("{9A19103F-16F7-4668-BE54-9A1E7A4F7556}") = "GeneratingPropertyAndColumnValues", "GeneratingPropertyAndColumnValues\GeneratingPropertyAndColumnValues.csproj", "{560BC8EC-0FE5-49F8-B05D-063E3FEF5AA2}"
EndProject
Project("{9A19103F-16F7-4668-BE54-9A1E7A4F7556}") = "ModelConfiguration", "ModelConfiguration\ModelConfiguration.csproj", "{FCB04D59-B31D-49C9-8537-DEA8FA6357B9}"
EndProject
Project("{9A19103F-16F7-4668-BE54-9A1E7A4F7556}") = "RelationshipsBetweEntities", "RelationshipsBetweEntities\RelationshipsBetweEntities.csproj", "{533AE2A8-62CC-45A4-B219-FF9C73D1FA1F}"
EndProject
Project("{9A19103F-16F7-4668-BE54-9A1E7A4F7556}") = "CascadingDelete", "CascadingDelete\CascadingDelete.csproj", "{BA3A1C72-1952-4F3B-A006-5D1F82A2CB9F}"
EndProject
Project("{9A19103F-16F7-4668-BE54-9A1E7A4F7556}") = "LoadingRelatedDataMethod_Include", "LoadingRelatedDataMethod_Include\LoadingRelatedDataMethod_Include.csproj", "{08C15EE0-5113-4048-9D1C-FD0DA2932CF7}"
EndProject
Project("{9A19103F-16F7-4668-BE54-9A1E7A4F7556}") = "ExplicitLoading", "ExplicitLoading\ExplicitLoading.csproj", "{5AD5A272-E25B-4151-B9A0-C55924315AAC}"
EndProject
Project("{9A19103F-16F7-4668-BE54-9A1E7A4F7556}") = "LazyLoading", "LazyLoading\LazyLoading.csproj", "{F9816A98-324C-4FDF-BDB2-2D1B83F8198E}"
EndProject
Project("{9A19103F-16F7-4668-BE54-9A1E7A4F7556}") = "OneToManyRelationship", "OneToManyRelationship\OneToManyRelationship.csproj", "{B1F3800C-132D-4C84-9210-F26AB65B3E09}"
EndProject
Project("{9A19103F-16F7-4668-BE54-9A1E7A4F7556}") = "ManyToManyRelationship", "ManyToManyRelationship\ManyToManyRelationship.csproj", "{0ED2F50A-646E-4B3C-BDE1-3FE18E997D35}"
EndProject
Project("{FAE04EC0-301F-11D3-BF4B-00C04F79EFBC}") = "ComplexTypes", "ComplexTypes\ComplexTypes.csproj", "{54052A81-DFCD-44EE-A29F-9305BF5E933F}"
EndProject
Global
	GlobalSection(SolutionConfigurationPlatforms) = preSolution
		Debug|Any CPU = Debug|Any CPU
		Release|Any CPU = Release|Any CPU
	EndGlobalSection
	GlobalSection(ProjectConfigurationPlatforms) = postSolution
		{EB9410E7-1A14-4772-9EA4-2608974194EE}.Debug|Any CPU.ActiveCfg = Debug|Any CPU
		{EB9410E7-1A14-4772-9EA4-2608974194EE}.Debug|Any CPU.Build.0 = Debug|Any CPU
		{EB9410E7-1A14-4772-9EA4-2608974194EE}.Release|Any CPU.ActiveCfg = Release|Any CPU
		{EB9410E7-1A14-4772-9EA4-2608974194EE}.Release|Any CPU.Build.0 = Release|Any CPU
		{01EA98F3-F780-46DB-A5E2-281994305E17}.Debug|Any CPU.ActiveCfg = Debug|Any CPU
		{01EA98F3-F780-46DB-A5E2-281994305E17}.Debug|Any CPU.Build.0 = Debug|Any CPU
		{01EA98F3-F780-46DB-A5E2-281994305E17}.Release|Any CPU.ActiveCfg = Release|Any CPU
		{01EA98F3-F780-46DB-A5E2-281994305E17}.Release|Any CPU.Build.0 = Release|Any CPU
		{6F9914FC-45E2-4103-9212-29C45F6B7485}.Debug|Any CPU.ActiveCfg = Debug|Any CPU
		{6F9914FC-45E2-4103-9212-29C45F6B7485}.Debug|Any CPU.Build.0 = Debug|Any CPU
		{6F9914FC-45E2-4103-9212-29C45F6B7485}.Release|Any CPU.ActiveCfg = Release|Any CPU
		{6F9914FC-45E2-4103-9212-29C45F6B7485}.Release|Any CPU.Build.0 = Release|Any CPU
		{8AAC16F5-77DE-4907-B2A9-4726A078C95F}.Debug|Any CPU.ActiveCfg = Debug|Any CPU
		{8AAC16F5-77DE-4907-B2A9-4726A078C95F}.Debug|Any CPU.Build.0 = Debug|Any CPU
		{8AAC16F5-77DE-4907-B2A9-4726A078C95F}.Release|Any CPU.ActiveCfg = Release|Any CPU
		{8AAC16F5-77DE-4907-B2A9-4726A078C95F}.Release|Any CPU.Build.0 = Release|Any CPU
		{8BB8BE91-A625-4279-AB15-E664380BE6AD}.Debug|Any CPU.ActiveCfg = Debug|Any CPU
		{8BB8BE91-A625-4279-AB15-E664380BE6AD}.Debug|Any CPU.Build.0 = Debug|Any CPU
		{8BB8BE91-A625-4279-AB15-E664380BE6AD}.Release|Any CPU.ActiveCfg = Release|Any CPU
		{8BB8BE91-A625-4279-AB15-E664380BE6AD}.Release|Any CPU.Build.0 = Release|Any CPU
		{8D6BC577-2313-47F3-8BAB-FE23B41AD1AA}.Debug|Any CPU.ActiveCfg = Debug|Any CPU
		{8D6BC577-2313-47F3-8BAB-FE23B41AD1AA}.Debug|Any CPU.Build.0 = Debug|Any CPU
		{8D6BC577-2313-47F3-8BAB-FE23B41AD1AA}.Release|Any CPU.ActiveCfg = Release|Any CPU
		{8D6BC577-2313-47F3-8BAB-FE23B41AD1AA}.Release|Any CPU.Build.0 = Release|Any CPU
		{6D13DE58-5E58-426A-8E88-980F019C8B78}.Debug|Any CPU.ActiveCfg = Debug|Any CPU
		{6D13DE58-5E58-426A-8E88-980F019C8B78}.Debug|Any CPU.Build.0 = Debug|Any CPU
		{6D13DE58-5E58-426A-8E88-980F019C8B78}.Release|Any CPU.ActiveCfg = Release|Any CPU
		{6D13DE58-5E58-426A-8E88-980F019C8B78}.Release|Any CPU.Build.0 = Release|Any CPU
		{24C6915E-E265-4424-82B7-01B38FEBE978}.Debug|Any CPU.ActiveCfg = Debug|Any CPU
		{24C6915E-E265-4424-82B7-01B38FEBE978}.Debug|Any CPU.Build.0 = Debug|Any CPU
		{24C6915E-E265-4424-82B7-01B38FEBE978}.Release|Any CPU.ActiveCfg = Release|Any CPU
		{24C6915E-E265-4424-82B7-01B38FEBE978}.Release|Any CPU.Build.0 = Release|Any CPU
		{DED320CB-CF49-4E51-A64A-8DF6B8EE86E1}.Debug|Any CPU.ActiveCfg = Debug|Any CPU
		{DED320CB-CF49-4E51-A64A-8DF6B8EE86E1}.Debug|Any CPU.Build.0 = Debug|Any CPU
		{DED320CB-CF49-4E51-A64A-8DF6B8EE86E1}.Release|Any CPU.ActiveCfg = Release|Any CPU
		{DED320CB-CF49-4E51-A64A-8DF6B8EE86E1}.Release|Any CPU.Build.0 = Release|Any CPU
		{560BC8EC-0FE5-49F8-B05D-063E3FEF5AA2}.Debug|Any CPU.ActiveCfg = Debug|Any CPU
		{560BC8EC-0FE5-49F8-B05D-063E3FEF5AA2}.Debug|Any CPU.Build.0 = Debug|Any CPU
		{560BC8EC-0FE5-49F8-B05D-063E3FEF5AA2}.Release|Any CPU.ActiveCfg = Release|Any CPU
		{560BC8EC-0FE5-49F8-B05D-063E3FEF5AA2}.Release|Any CPU.Build.0 = Release|Any CPU
		{FCB04D59-B31D-49C9-8537-DEA8FA6357B9}.Debug|Any CPU.ActiveCfg = Debug|Any CPU
		{FCB04D59-B31D-49C9-8537-DEA8FA6357B9}.Debug|Any CPU.Build.0 = Debug|Any CPU
		{FCB04D59-B31D-49C9-8537-DEA8FA6357B9}.Release|Any CPU.ActiveCfg = Release|Any CPU
		{FCB04D59-B31D-49C9-8537-DEA8FA6357B9}.Release|Any CPU.Build.0 = Release|Any CPU
		{533AE2A8-62CC-45A4-B219-FF9C73D1FA1F}.Debug|Any CPU.ActiveCfg = Debug|Any CPU
		{533AE2A8-62CC-45A4-B219-FF9C73D1FA1F}.Debug|Any CPU.Build.0 = Debug|Any CPU
		{533AE2A8-62CC-45A4-B219-FF9C73D1FA1F}.Release|Any CPU.ActiveCfg = Release|Any CPU
		{533AE2A8-62CC-45A4-B219-FF9C73D1FA1F}.Release|Any CPU.Build.0 = Release|Any CPU
		{BA3A1C72-1952-4F3B-A006-5D1F82A2CB9F}.Debug|Any CPU.ActiveCfg = Debug|Any CPU
		{BA3A1C72-1952-4F3B-A006-5D1F82A2CB9F}.Debug|Any CPU.Build.0 = Debug|Any CPU
		{BA3A1C72-1952-4F3B-A006-5D1F82A2CB9F}.Release|Any CPU.ActiveCfg = Release|Any CPU
		{BA3A1C72-1952-4F3B-A006-5D1F82A2CB9F}.Release|Any CPU.Build.0 = Release|Any CPU
		{08C15EE0-5113-4048-9D1C-FD0DA2932CF7}.Debug|Any CPU.ActiveCfg = Debug|Any CPU
		{08C15EE0-5113-4048-9D1C-FD0DA2932CF7}.Debug|Any CPU.Build.0 = Debug|Any CPU
		{08C15EE0-5113-4048-9D1C-FD0DA2932CF7}.Release|Any CPU.ActiveCfg = Release|Any CPU
		{08C15EE0-5113-4048-9D1C-FD0DA2932CF7}.Release|Any CPU.Build.0 = Release|Any CPU
		{5AD5A272-E25B-4151-B9A0-C55924315AAC}.Debug|Any CPU.ActiveCfg = Debug|Any CPU
		{5AD5A272-E25B-4151-B9A0-C55924315AAC}.Debug|Any CPU.Build.0 = Debug|Any CPU
		{5AD5A272-E25B-4151-B9A0-C55924315AAC}.Release|Any CPU.ActiveCfg = Release|Any CPU
		{5AD5A272-E25B-4151-B9A0-C55924315AAC}.Release|Any CPU.Build.0 = Release|Any CPU
		{F9816A98-324C-4FDF-BDB2-2D1B83F8198E}.Debug|Any CPU.ActiveCfg = Debug|Any CPU
		{F9816A98-324C-4FDF-BDB2-2D1B83F8198E}.Debug|Any CPU.Build.0 = Debug|Any CPU
		{F9816A98-324C-4FDF-BDB2-2D1B83F8198E}.Release|Any CPU.ActiveCfg = Release|Any CPU
		{F9816A98-324C-4FDF-BDB2-2D1B83F8198E}.Release|Any CPU.Build.0 = Release|Any CPU
		{B1F3800C-132D-4C84-9210-F26AB65B3E09}.Debug|Any CPU.ActiveCfg = Debug|Any CPU
		{B1F3800C-132D-4C84-9210-F26AB65B3E09}.Debug|Any CPU.Build.0 = Debug|Any CPU
		{B1F3800C-132D-4C84-9210-F26AB65B3E09}.Release|Any CPU.ActiveCfg = Release|Any CPU
		{B1F3800C-132D-4C84-9210-F26AB65B3E09}.Release|Any CPU.Build.0 = Release|Any CPU
		{0ED2F50A-646E-4B3C-BDE1-3FE18E997D35}.Debug|Any CPU.ActiveCfg = Debug|Any CPU
		{0ED2F50A-646E-4B3C-BDE1-3FE18E997D35}.Debug|Any CPU.Build.0 = Debug|Any CPU
		{0ED2F50A-646E-4B3C-BDE1-3FE18E997D35}.Release|Any CPU.ActiveCfg = Release|Any CPU
		{0ED2F50A-646E-4B3C-BDE1-3FE18E997D35}.Release|Any CPU.Build.0 = Release|Any CPU
		{54052A81-DFCD-44EE-A29F-9305BF5E933F}.Debug|Any CPU.ActiveCfg = Debug|Any CPU
		{54052A81-DFCD-44EE-A29F-9305BF5E933F}.Debug|Any CPU.Build.0 = Debug|Any CPU
		{54052A81-DFCD-44EE-A29F-9305BF5E933F}.Release|Any CPU.ActiveCfg = Release|Any CPU
		{54052A81-DFCD-44EE-A29F-9305BF5E933F}.Release|Any CPU.Build.0 = Release|Any CPU
	EndGlobalSection
	GlobalSection(SolutionProperties) = preSolution
		HideSolutionNode = FALSE
	EndGlobalSection
	GlobalSection(ExtensibilityGlobals) = postSolution
		SolutionGuid = {56611732-A38D-43DF-BCF0-DEEF2BA29D3A}
	EndGlobalSection
EndGlobal
