
Microsoft Visual Studio Solution File, Format Version 12.00
# Visual Studio Version 17
VisualStudioVersion = 17.2.32616.157
MinimumVisualStudioVersion = 10.0.40219.1
Project("{9A19103F-16F7-4668-BE54-9A1E7A4F7556}") = "EntityFrameworkWork", "EntityFramework\EntityFrameworkWork.csproj", "{EB9410E7-1A14-4772-9EA4-2608974194EE}"
EndProject
Project("{9A19103F-16F7-4668-BE54-9A1E7A4F7556}") = "EFCore", "EFCore\EFCore.csproj", "{01EA98F3-F780-46DB-A5E2-281994305E17}"
EndProject
Project("{9A19103F-16F7-4668-BE54-9A1E7A4F7556}") = "DBFirstApp", "DBFirstApp\DBFirstApp.csproj", "{6F9914FC-45E2-4103-9212-29C45F6B7485}"
EndProject
Project("{9A19103F-16F7-4668-BE54-9A1E7A4F7556}") = "DatabaseManagement", "DatabaseManagement\DatabaseManagement.csproj", "{8AAC16F5-77DE-4907-B2A9-4726A078C95F}"
EndProject
Project("{9A19103F-16F7-4668-BE54-9A1E7A4F7556}") = "CRUD", "CRUD\CRUD.csproj", "{8BB8BE91-A625-4279-AB15-E664380BE6AD}"
EndProject
Project("{9A19103F-16F7-4668-BE54-9A1E7A4F7556}") = "ConnectionСonfiguration", "ConnectionСonfiguration\ConnectionСonfiguration.csproj", "{8D6BC577-2313-47F3-8BAB-FE23B41AD1AA}"
EndProject
Project("{FAE04EC0-301F-11D3-BF4B-00C04F79EFBC}") = "LoggingOperations", "LoggingOperations\LoggingOperations.csproj", "{6D13DE58-5E58-426A-8E88-980F019C8B78}"
EndProject
Global
	GlobalSection(SolutionConfigurationPlatforms) = preSolution
		Debug|Any CPU = Debug|Any CPU
		Release|Any CPU = Release|Any CPU
	EndGlobalSection
	GlobalSection(ProjectConfigurationPlatforms) = postSolution
		{EB9410E7-1A14-4772-9EA4-2608974194EE}.Debug|Any CPU.ActiveCfg = Debug|Any CPU
		{EB9410E7-1A14-4772-9EA4-2608974194EE}.Debug|Any CPU.Build.0 = Debug|Any CPU
		{EB9410E7-1A14-4772-9EA4-2608974194EE}.Release|Any CPU.ActiveCfg = Release|Any CPU
		{EB9410E7-1A14-4772-9EA4-2608974194EE}.Release|Any CPU.Build.0 = Release|Any CPU
		{01EA98F3-F780-46DB-A5E2-281994305E17}.Debug|Any CPU.ActiveCfg = Debug|Any CPU
		{01EA98F3-F780-46DB-A5E2-281994305E17}.Debug|Any CPU.Build.0 = Debug|Any CPU
		{01EA98F3-F780-46DB-A5E2-281994305E17}.Release|Any CPU.ActiveCfg = Release|Any CPU
		{01EA98F3-F780-46DB-A5E2-281994305E17}.Release|Any CPU.Build.0 = Release|Any CPU
		{6F9914FC-45E2-4103-9212-29C45F6B7485}.Debug|Any CPU.ActiveCfg = Debug|Any CPU
		{6F9914FC-45E2-4103-9212-29C45F6B7485}.Debug|Any CPU.Build.0 = Debug|Any CPU
		{6F9914FC-45E2-4103-9212-29C45F6B7485}.Release|Any CPU.ActiveCfg = Release|Any CPU
		{6F9914FC-45E2-4103-9212-29C45F6B7485}.Release|Any CPU.Build.0 = Release|Any CPU
		{8AAC16F5-77DE-4907-B2A9-4726A078C95F}.Debug|Any CPU.ActiveCfg = Debug|Any CPU
		{8AAC16F5-77DE-4907-B2A9-4726A078C95F}.Debug|Any CPU.Build.0 = Debug|Any CPU
		{8AAC16F5-77DE-4907-B2A9-4726A078C95F}.Release|Any CPU.ActiveCfg = Release|Any CPU
		{8AAC16F5-77DE-4907-B2A9-4726A078C95F}.Release|Any CPU.Build.0 = Release|Any CPU
		{8BB8BE91-A625-4279-AB15-E664380BE6AD}.Debug|Any CPU.ActiveCfg = Debug|Any CPU
		{8BB8BE91-A625-4279-AB15-E664380BE6AD}.Debug|Any CPU.Build.0 = Debug|Any CPU
		{8BB8BE91-A625-4279-AB15-E664380BE6AD}.Release|Any CPU.ActiveCfg = Release|Any CPU
		{8BB8BE91-A625-4279-AB15-E664380BE6AD}.Release|Any CPU.Build.0 = Release|Any CPU
		{8D6BC577-2313-47F3-8BAB-FE23B41AD1AA}.Debug|Any CPU.ActiveCfg = Debug|Any CPU
		{8D6BC577-2313-47F3-8BAB-FE23B41AD1AA}.Debug|Any CPU.Build.0 = Debug|Any CPU
		{8D6BC577-2313-47F3-8BAB-FE23B41AD1AA}.Release|Any CPU.ActiveCfg = Release|Any CPU
		{8D6BC577-2313-47F3-8BAB-FE23B41AD1AA}.Release|Any CPU.Build.0 = Release|Any CPU
		{6D13DE58-5E58-426A-8E88-980F019C8B78}.Debug|Any CPU.ActiveCfg = Debug|Any CPU
		{6D13DE58-5E58-426A-8E88-980F019C8B78}.Debug|Any CPU.Build.0 = Debug|Any CPU
		{6D13DE58-5E58-426A-8E88-980F019C8B78}.Release|Any CPU.ActiveCfg = Release|Any CPU
		{6D13DE58-5E58-426A-8E88-980F019C8B78}.Release|Any CPU.Build.0 = Release|Any CPU
	EndGlobalSection
	GlobalSection(SolutionProperties) = preSolution
		HideSolutionNode = FALSE
	EndGlobalSection
	GlobalSection(ExtensibilityGlobals) = postSolution
		SolutionGuid = {56611732-A38D-43DF-BCF0-DEEF2BA29D3A}
	EndGlobalSection
EndGlobal
